
Microsoft Visual Studio Solution File, Format Version 12.00
# Visual Studio Version 16
VisualStudioVersion = 16.0.29306.81
MinimumVisualStudioVersion = 10.0.40219.1
Project("{FAE04EC0-301F-11D3-BF4B-00C04F79EFBC}") = "Tamagotchi", "Tamagotchi\Tamagotchi.csproj", "{B3450166-91E4-4530-9AD7-14FF2363AF76}"
EndProject
Global
	GlobalSection(SolutionConfigurationPlatforms) = preSolution
		Debug|Any CPU = Debug|Any CPU
		Release|Any CPU = Release|Any CPU
	EndGlobalSection
	GlobalSection(ProjectConfigurationPlatforms) = postSolution
		{B3450166-91E4-4530-9AD7-14FF2363AF76}.Debug|Any CPU.ActiveCfg = Debug|Any CPU
		{B3450166-91E4-4530-9AD7-14FF2363AF76}.Debug|Any CPU.Build.0 = Debug|Any CPU
		{B3450166-91E4-4530-9AD7-14FF2363AF76}.Release|Any CPU.ActiveCfg = Release|Any CPU
		{B3450166-91E4-4530-9AD7-14FF2363AF76}.Release|Any CPU.Build.0 = Release|Any CPU
	EndGlobalSection
	GlobalSection(SolutionProperties) = preSolution
		HideSolutionNode = FALSE
	EndGlobalSection
	GlobalSection(ExtensibilityGlobals) = postSolution
		SolutionGuid = {1D1D0723-D221-4B01-98A7-48B0D01BB2FE}
	EndGlobalSection
EndGlobal
